
Microsoft Visual Studio Solution File, Format Version 12.00
# Visual Studio Version 17
VisualStudioVersion = 17.1.32319.34
MinimumVisualStudioVersion = 10.0.40219.1
Project("{FAE04EC0-301F-11D3-BF4B-00C04F79EFBC}") = "1_Wprowadzenie", "1_Wprowadzenie\1_Wprowadzenie.csproj", "{980258E6-A98B-4B71-BD98-D133C10A7724}"
EndProject
Project("{FAE04EC0-301F-11D3-BF4B-00C04F79EFBC}") = "2_Funkcje", "2_Funkcje\2_Funkcje.csproj", "{41FB85DC-FEE4-4689-BAB3-A3607CB5705C}"
EndProject
Project("{FAE04EC0-301F-11D3-BF4B-00C04F79EFBC}") = "3_Zapytania", "3_Zapytania\3_Zapytania.csproj", "{49AEEC05-73D2-417D-B121-87058656D1FA}"
EndProject
Global
	GlobalSection(SolutionConfigurationPlatforms) = preSolution
		Debug|Any CPU = Debug|Any CPU
		Release|Any CPU = Release|Any CPU
	EndGlobalSection
	GlobalSection(ProjectConfigurationPlatforms) = postSolution
		{980258E6-A98B-4B71-BD98-D133C10A7724}.Debug|Any CPU.ActiveCfg = Debug|Any CPU
		{980258E6-A98B-4B71-BD98-D133C10A7724}.Debug|Any CPU.Build.0 = Debug|Any CPU
		{980258E6-A98B-4B71-BD98-D133C10A7724}.Release|Any CPU.ActiveCfg = Release|Any CPU
		{980258E6-A98B-4B71-BD98-D133C10A7724}.Release|Any CPU.Build.0 = Release|Any CPU
		{41FB85DC-FEE4-4689-BAB3-A3607CB5705C}.Debug|Any CPU.ActiveCfg = Debug|Any CPU
		{41FB85DC-FEE4-4689-BAB3-A3607CB5705C}.Debug|Any CPU.Build.0 = Debug|Any CPU
		{41FB85DC-FEE4-4689-BAB3-A3607CB5705C}.Release|Any CPU.ActiveCfg = Release|Any CPU
		{41FB85DC-FEE4-4689-BAB3-A3607CB5705C}.Release|Any CPU.Build.0 = Release|Any CPU
		{49AEEC05-73D2-417D-B121-87058656D1FA}.Debug|Any CPU.ActiveCfg = Debug|Any CPU
		{49AEEC05-73D2-417D-B121-87058656D1FA}.Debug|Any CPU.Build.0 = Debug|Any CPU
		{49AEEC05-73D2-417D-B121-87058656D1FA}.Release|Any CPU.ActiveCfg = Release|Any CPU
		{49AEEC05-73D2-417D-B121-87058656D1FA}.Release|Any CPU.Build.0 = Release|Any CPU
	EndGlobalSection
	GlobalSection(SolutionProperties) = preSolution
		HideSolutionNode = FALSE
	EndGlobalSection
	GlobalSection(ExtensibilityGlobals) = postSolution
		SolutionGuid = {E255150D-12C4-4D0B-9D2C-A479F5A6556F}
	EndGlobalSection
EndGlobal
