
Microsoft Visual Studio Solution File, Format Version 12.00
# Visual Studio Version 17
VisualStudioVersion = 17.1.32319.34
MinimumVisualStudioVersion = 10.0.40219.1
Project("{9A19103F-16F7-4668-BE54-9A1E7A4F7556}") = "Football.Api", "Football.Api\Football.Api.csproj", "{623C55AE-4934-4F38-A791-D5D980F41D3E}"
EndProject
Project("{2150E333-8FDC-42A3-9474-1A3956D46DE8}") = "WebApi", "WebApi", "{0DA218FC-DEDE-4527-959E-FA1F15469574}"
EndProject
Project("{2150E333-8FDC-42A3-9474-1A3956D46DE8}") = "Service", "Service", "{B7C5532E-4D15-4564-AD76-767AE6578587}"
EndProject
Project("{2150E333-8FDC-42A3-9474-1A3956D46DE8}") = "Common", "Common", "{146F1B90-E4DC-4959-950C-8102F3D8895A}"
EndProject
Project("{2150E333-8FDC-42A3-9474-1A3956D46DE8}") = "Data", "Data", "{07D73728-5B94-4988-B75D-EB7988612897}"
EndProject
Project("{2150E333-8FDC-42A3-9474-1A3956D46DE8}") = "Repository", "Repository", "{1A9F923F-4663-46F6-B5E2-13B03CA4F6A8}"
EndProject
Project("{2150E333-8FDC-42A3-9474-1A3956D46DE8}") = "Dto", "Dto", "{DE03B7B7-BDE3-40D0-86D3-0CDC6FA8DB37}"
EndProject
Project("{9A19103F-16F7-4668-BE54-9A1E7A4F7556}") = "FootballApp.Common", "FootballApp.Common\FootballApp.Common.csproj", "{F388F9F8-FB22-4156-A336-2E07A77F426F}"
EndProject
Project("{9A19103F-16F7-4668-BE54-9A1E7A4F7556}") = "FootballApp.Data", "FootballApp.Data\FootballApp.Data.csproj", "{C7F93524-4B38-46E5-A633-1B9C3086E7CD}"
EndProject
Project("{9A19103F-16F7-4668-BE54-9A1E7A4F7556}") = "FootballApp.Data.Interface", "FootballApp.Data.Interface\FootballApp.Data.Interface.csproj", "{F604C3C3-79E7-4671-9C98-575635CF6A2B}"
EndProject
Project("{9A19103F-16F7-4668-BE54-9A1E7A4F7556}") = "FootballApp.Data.Test", "FootballApp.Data.Test\FootballApp.Data.Test.csproj", "{59F081EF-B762-4924-AA3A-3DB1FE78CDE4}"
EndProject
Project("{9A19103F-16F7-4668-BE54-9A1E7A4F7556}") = "FootballApp.Dto", "FootballApp.Dto\FootballApp.Dto.csproj", "{028EBDB5-BD86-49C2-8876-BC09F05CCAC1}"
EndProject
Project("{9A19103F-16F7-4668-BE54-9A1E7A4F7556}") = "FootballApp.Dto.Test", "FootballApp.Dto.Test\FootballApp.Dto.Test.csproj", "{199AAF7D-9C2B-4E5B-A6FA-7C1360DCBD8E}"
EndProject
Project("{9A19103F-16F7-4668-BE54-9A1E7A4F7556}") = "FootballApp.Repository", "FootballApp.Repository\FootballApp.Repository.csproj", "{4F171B9E-8C93-4EC2-BC33-8D861B09032C}"
EndProject
Project("{9A19103F-16F7-4668-BE54-9A1E7A4F7556}") = "FootballApp.Repository.Interface", "FootballApp.Repository.Interface\FootballApp.Repository.Interface.csproj", "{AC8D2252-C1B3-4721-9AFF-42E1803226EA}"
EndProject
Project("{9A19103F-16F7-4668-BE54-9A1E7A4F7556}") = "FootballApp.Repository.Test", "FootballApp.Repository.Test\FootballApp.Repository.Test.csproj", "{731F3E32-AB0F-4EC3-995C-EFA9474E2E1B}"
EndProject
Project("{9A19103F-16F7-4668-BE54-9A1E7A4F7556}") = "FootballApp.Service", "FootballApp.Service\FootballApp.Service.csproj", "{5A3348AC-2BC2-4BE9-8D39-5CAB249D6563}"
EndProject
Project("{9A19103F-16F7-4668-BE54-9A1E7A4F7556}") = "FootballApp.Service.Interface", "FootballApp.Service.Interface\FootballApp.Service.Interface.csproj", "{374F1B33-5F40-48EA-A5B2-833B4F21A6F8}"
EndProject
Project("{9A19103F-16F7-4668-BE54-9A1E7A4F7556}") = "FootballApp.Service.Test", "FootballApp.Service.Test\FootballApp.Service.Test.csproj", "{87FE1E64-2BB4-4750-8FD2-B12793003183}"
EndProject
Global
	GlobalSection(SolutionConfigurationPlatforms) = preSolution
		Debug|Any CPU = Debug|Any CPU
		Release|Any CPU = Release|Any CPU
	EndGlobalSection
	GlobalSection(ProjectConfigurationPlatforms) = postSolution
		{623C55AE-4934-4F38-A791-D5D980F41D3E}.Debug|Any CPU.ActiveCfg = Debug|Any CPU
		{623C55AE-4934-4F38-A791-D5D980F41D3E}.Debug|Any CPU.Build.0 = Debug|Any CPU
		{623C55AE-4934-4F38-A791-D5D980F41D3E}.Release|Any CPU.ActiveCfg = Release|Any CPU
		{623C55AE-4934-4F38-A791-D5D980F41D3E}.Release|Any CPU.Build.0 = Release|Any CPU
		{F388F9F8-FB22-4156-A336-2E07A77F426F}.Debug|Any CPU.ActiveCfg = Debug|Any CPU
		{F388F9F8-FB22-4156-A336-2E07A77F426F}.Debug|Any CPU.Build.0 = Debug|Any CPU
		{F388F9F8-FB22-4156-A336-2E07A77F426F}.Release|Any CPU.ActiveCfg = Release|Any CPU
		{F388F9F8-FB22-4156-A336-2E07A77F426F}.Release|Any CPU.Build.0 = Release|Any CPU
		{C7F93524-4B38-46E5-A633-1B9C3086E7CD}.Debug|Any CPU.ActiveCfg = Debug|Any CPU
		{C7F93524-4B38-46E5-A633-1B9C3086E7CD}.Debug|Any CPU.Build.0 = Debug|Any CPU
		{C7F93524-4B38-46E5-A633-1B9C3086E7CD}.Release|Any CPU.ActiveCfg = Release|Any CPU
		{C7F93524-4B38-46E5-A633-1B9C3086E7CD}.Release|Any CPU.Build.0 = Release|Any CPU
		{F604C3C3-79E7-4671-9C98-575635CF6A2B}.Debug|Any CPU.ActiveCfg = Debug|Any CPU
		{F604C3C3-79E7-4671-9C98-575635CF6A2B}.Debug|Any CPU.Build.0 = Debug|Any CPU
		{F604C3C3-79E7-4671-9C98-575635CF6A2B}.Release|Any CPU.ActiveCfg = Release|Any CPU
		{F604C3C3-79E7-4671-9C98-575635CF6A2B}.Release|Any CPU.Build.0 = Release|Any CPU
		{59F081EF-B762-4924-AA3A-3DB1FE78CDE4}.Debug|Any CPU.ActiveCfg = Debug|Any CPU
		{59F081EF-B762-4924-AA3A-3DB1FE78CDE4}.Debug|Any CPU.Build.0 = Debug|Any CPU
		{59F081EF-B762-4924-AA3A-3DB1FE78CDE4}.Release|Any CPU.ActiveCfg = Release|Any CPU
		{59F081EF-B762-4924-AA3A-3DB1FE78CDE4}.Release|Any CPU.Build.0 = Release|Any CPU
		{028EBDB5-BD86-49C2-8876-BC09F05CCAC1}.Debug|Any CPU.ActiveCfg = Debug|Any CPU
		{028EBDB5-BD86-49C2-8876-BC09F05CCAC1}.Debug|Any CPU.Build.0 = Debug|Any CPU
		{028EBDB5-BD86-49C2-8876-BC09F05CCAC1}.Release|Any CPU.ActiveCfg = Release|Any CPU
		{028EBDB5-BD86-49C2-8876-BC09F05CCAC1}.Release|Any CPU.Build.0 = Release|Any CPU
		{199AAF7D-9C2B-4E5B-A6FA-7C1360DCBD8E}.Debug|Any CPU.ActiveCfg = Debug|Any CPU
		{199AAF7D-9C2B-4E5B-A6FA-7C1360DCBD8E}.Debug|Any CPU.Build.0 = Debug|Any CPU
		{199AAF7D-9C2B-4E5B-A6FA-7C1360DCBD8E}.Release|Any CPU.ActiveCfg = Release|Any CPU
		{199AAF7D-9C2B-4E5B-A6FA-7C1360DCBD8E}.Release|Any CPU.Build.0 = Release|Any CPU
		{4F171B9E-8C93-4EC2-BC33-8D861B09032C}.Debug|Any CPU.ActiveCfg = Debug|Any CPU
		{4F171B9E-8C93-4EC2-BC33-8D861B09032C}.Debug|Any CPU.Build.0 = Debug|Any CPU
		{4F171B9E-8C93-4EC2-BC33-8D861B09032C}.Release|Any CPU.ActiveCfg = Release|Any CPU
		{4F171B9E-8C93-4EC2-BC33-8D861B09032C}.Release|Any CPU.Build.0 = Release|Any CPU
		{AC8D2252-C1B3-4721-9AFF-42E1803226EA}.Debug|Any CPU.ActiveCfg = Debug|Any CPU
		{AC8D2252-C1B3-4721-9AFF-42E1803226EA}.Debug|Any CPU.Build.0 = Debug|Any CPU
		{AC8D2252-C1B3-4721-9AFF-42E1803226EA}.Release|Any CPU.ActiveCfg = Release|Any CPU
		{AC8D2252-C1B3-4721-9AFF-42E1803226EA}.Release|Any CPU.Build.0 = Release|Any CPU
		{731F3E32-AB0F-4EC3-995C-EFA9474E2E1B}.Debug|Any CPU.ActiveCfg = Debug|Any CPU
		{731F3E32-AB0F-4EC3-995C-EFA9474E2E1B}.Debug|Any CPU.Build.0 = Debug|Any CPU
		{731F3E32-AB0F-4EC3-995C-EFA9474E2E1B}.Release|Any CPU.ActiveCfg = Release|Any CPU
		{731F3E32-AB0F-4EC3-995C-EFA9474E2E1B}.Release|Any CPU.Build.0 = Release|Any CPU
		{5A3348AC-2BC2-4BE9-8D39-5CAB249D6563}.Debug|Any CPU.ActiveCfg = Debug|Any CPU
		{5A3348AC-2BC2-4BE9-8D39-5CAB249D6563}.Debug|Any CPU.Build.0 = Debug|Any CPU
		{5A3348AC-2BC2-4BE9-8D39-5CAB249D6563}.Release|Any CPU.ActiveCfg = Release|Any CPU
		{5A3348AC-2BC2-4BE9-8D39-5CAB249D6563}.Release|Any CPU.Build.0 = Release|Any CPU
		{374F1B33-5F40-48EA-A5B2-833B4F21A6F8}.Debug|Any CPU.ActiveCfg = Debug|Any CPU
		{374F1B33-5F40-48EA-A5B2-833B4F21A6F8}.Debug|Any CPU.Build.0 = Debug|Any CPU
		{374F1B33-5F40-48EA-A5B2-833B4F21A6F8}.Release|Any CPU.ActiveCfg = Release|Any CPU
		{374F1B33-5F40-48EA-A5B2-833B4F21A6F8}.Release|Any CPU.Build.0 = Release|Any CPU
		{87FE1E64-2BB4-4750-8FD2-B12793003183}.Debug|Any CPU.ActiveCfg = Debug|Any CPU
		{87FE1E64-2BB4-4750-8FD2-B12793003183}.Debug|Any CPU.Build.0 = Debug|Any CPU
		{87FE1E64-2BB4-4750-8FD2-B12793003183}.Release|Any CPU.ActiveCfg = Release|Any CPU
		{87FE1E64-2BB4-4750-8FD2-B12793003183}.Release|Any CPU.Build.0 = Release|Any CPU
	EndGlobalSection
	GlobalSection(SolutionProperties) = preSolution
		HideSolutionNode = FALSE
	EndGlobalSection
	GlobalSection(NestedProjects) = preSolution
		{623C55AE-4934-4F38-A791-D5D980F41D3E} = {0DA218FC-DEDE-4527-959E-FA1F15469574}
		{F388F9F8-FB22-4156-A336-2E07A77F426F} = {146F1B90-E4DC-4959-950C-8102F3D8895A}
		{C7F93524-4B38-46E5-A633-1B9C3086E7CD} = {07D73728-5B94-4988-B75D-EB7988612897}
		{F604C3C3-79E7-4671-9C98-575635CF6A2B} = {07D73728-5B94-4988-B75D-EB7988612897}
		{59F081EF-B762-4924-AA3A-3DB1FE78CDE4} = {07D73728-5B94-4988-B75D-EB7988612897}
		{028EBDB5-BD86-49C2-8876-BC09F05CCAC1} = {DE03B7B7-BDE3-40D0-86D3-0CDC6FA8DB37}
		{199AAF7D-9C2B-4E5B-A6FA-7C1360DCBD8E} = {DE03B7B7-BDE3-40D0-86D3-0CDC6FA8DB37}
		{4F171B9E-8C93-4EC2-BC33-8D861B09032C} = {1A9F923F-4663-46F6-B5E2-13B03CA4F6A8}
		{AC8D2252-C1B3-4721-9AFF-42E1803226EA} = {1A9F923F-4663-46F6-B5E2-13B03CA4F6A8}
		{731F3E32-AB0F-4EC3-995C-EFA9474E2E1B} = {1A9F923F-4663-46F6-B5E2-13B03CA4F6A8}
		{5A3348AC-2BC2-4BE9-8D39-5CAB249D6563} = {B7C5532E-4D15-4564-AD76-767AE6578587}
		{374F1B33-5F40-48EA-A5B2-833B4F21A6F8} = {B7C5532E-4D15-4564-AD76-767AE6578587}
		{87FE1E64-2BB4-4750-8FD2-B12793003183} = {B7C5532E-4D15-4564-AD76-767AE6578587}
	EndGlobalSection
	GlobalSection(ExtensibilityGlobals) = postSolution
		SolutionGuid = {A5DFEE6C-2729-4BB0-8F6B-1E5AB8918AD2}
	EndGlobalSection
EndGlobal
