
Microsoft Visual Studio Solution File, Format Version 12.00
# Visual Studio Version 17
VisualStudioVersion = 17.1.32319.34
MinimumVisualStudioVersion = 10.0.40219.1
Project("{9A19103F-16F7-4668-BE54-9A1E7A4F7556}") = "Sparky Project", "Sparky Project\Sparky Project.csproj", "{BF7D41B0-5A3E-44D7-B11C-CF9340BCE597}"
EndProject
Project("{9A19103F-16F7-4668-BE54-9A1E7A4F7556}") = "SparkyMSTest", "SparkyMSTest\SparkyMSTest.csproj", "{F9497EFA-1D60-4483-998F-15DD9971C9BC}"
EndProject
Project("{9A19103F-16F7-4668-BE54-9A1E7A4F7556}") = "Sparky NUnit Test", "Sparky NUnit Test\Sparky NUnit Test.csproj", "{A850345C-2791-4BFB-8B4D-1A67DA97A367}"
EndProject
Project("{FAE04EC0-301F-11D3-BF4B-00C04F79EFBC}") = "SparkyXUnit", "SparkyXUnit\SparkyXUnit.csproj", "{9F347A56-5052-4DCB-8EFC-F3424F065B74}"
EndProject
Project("{2150E333-8FDC-42A3-9474-1A3956D46DE8}") = "Basic Fundation", "Basic Fundation", "{A8A3FB3F-6C17-4766-B700-3B2747A95087}"
EndProject
Project("{2150E333-8FDC-42A3-9474-1A3956D46DE8}") = "BongoWeb", "BongoWeb", "{B01D47A7-4B27-4BCF-9B0A-EB36E49F4F0E}"
EndProject
Project("{9A19103F-16F7-4668-BE54-9A1E7A4F7556}") = "Bongo.Core", "Bongo_InitialSetup (.NET 6)\Bongo.Core\Bongo.Core.csproj", "{B1328D22-E16C-4CA8-8143-691D02ACC652}"
EndProject
Project("{9A19103F-16F7-4668-BE54-9A1E7A4F7556}") = "Bongo.DataAccess", "Bongo_InitialSetup (.NET 6)\Bongo.DataAccess\Bongo.DataAccess.csproj", "{263786E8-BC39-49E7-820C-AFE35FA2C960}"
EndProject
Project("{9A19103F-16F7-4668-BE54-9A1E7A4F7556}") = "Bongo.Models", "Bongo_InitialSetup (.NET 6)\Bongo.Models\Bongo.Models.csproj", "{E7F4C212-74AF-4A0A-A2D9-8177B8A3F942}"
EndProject
Project("{9A19103F-16F7-4668-BE54-9A1E7A4F7556}") = "Bongo.Web", "Bongo_InitialSetup (.NET 6)\Bongo.Web\Bongo.Web.csproj", "{1ADC3087-58D5-44B0-8CDE-E530B32FFDF1}"
EndProject
Global
	GlobalSection(SolutionConfigurationPlatforms) = preSolution
		Debug|Any CPU = Debug|Any CPU
		Release|Any CPU = Release|Any CPU
	EndGlobalSection
	GlobalSection(ProjectConfigurationPlatforms) = postSolution
		{BF7D41B0-5A3E-44D7-B11C-CF9340BCE597}.Debug|Any CPU.ActiveCfg = Debug|Any CPU
		{BF7D41B0-5A3E-44D7-B11C-CF9340BCE597}.Debug|Any CPU.Build.0 = Debug|Any CPU
		{BF7D41B0-5A3E-44D7-B11C-CF9340BCE597}.Release|Any CPU.ActiveCfg = Release|Any CPU
		{BF7D41B0-5A3E-44D7-B11C-CF9340BCE597}.Release|Any CPU.Build.0 = Release|Any CPU
		{F9497EFA-1D60-4483-998F-15DD9971C9BC}.Debug|Any CPU.ActiveCfg = Debug|Any CPU
		{F9497EFA-1D60-4483-998F-15DD9971C9BC}.Debug|Any CPU.Build.0 = Debug|Any CPU
		{F9497EFA-1D60-4483-998F-15DD9971C9BC}.Release|Any CPU.ActiveCfg = Release|Any CPU
		{F9497EFA-1D60-4483-998F-15DD9971C9BC}.Release|Any CPU.Build.0 = Release|Any CPU
		{A850345C-2791-4BFB-8B4D-1A67DA97A367}.Debug|Any CPU.ActiveCfg = Debug|Any CPU
		{A850345C-2791-4BFB-8B4D-1A67DA97A367}.Debug|Any CPU.Build.0 = Debug|Any CPU
		{A850345C-2791-4BFB-8B4D-1A67DA97A367}.Release|Any CPU.ActiveCfg = Release|Any CPU
		{A850345C-2791-4BFB-8B4D-1A67DA97A367}.Release|Any CPU.Build.0 = Release|Any CPU
		{9F347A56-5052-4DCB-8EFC-F3424F065B74}.Debug|Any CPU.ActiveCfg = Debug|Any CPU
		{9F347A56-5052-4DCB-8EFC-F3424F065B74}.Debug|Any CPU.Build.0 = Debug|Any CPU
		{9F347A56-5052-4DCB-8EFC-F3424F065B74}.Release|Any CPU.ActiveCfg = Release|Any CPU
		{9F347A56-5052-4DCB-8EFC-F3424F065B74}.Release|Any CPU.Build.0 = Release|Any CPU
		{B1328D22-E16C-4CA8-8143-691D02ACC652}.Debug|Any CPU.ActiveCfg = Debug|Any CPU
		{B1328D22-E16C-4CA8-8143-691D02ACC652}.Debug|Any CPU.Build.0 = Debug|Any CPU
		{B1328D22-E16C-4CA8-8143-691D02ACC652}.Release|Any CPU.ActiveCfg = Release|Any CPU
		{B1328D22-E16C-4CA8-8143-691D02ACC652}.Release|Any CPU.Build.0 = Release|Any CPU
		{263786E8-BC39-49E7-820C-AFE35FA2C960}.Debug|Any CPU.ActiveCfg = Debug|Any CPU
		{263786E8-BC39-49E7-820C-AFE35FA2C960}.Debug|Any CPU.Build.0 = Debug|Any CPU
		{263786E8-BC39-49E7-820C-AFE35FA2C960}.Release|Any CPU.ActiveCfg = Release|Any CPU
		{263786E8-BC39-49E7-820C-AFE35FA2C960}.Release|Any CPU.Build.0 = Release|Any CPU
		{E7F4C212-74AF-4A0A-A2D9-8177B8A3F942}.Debug|Any CPU.ActiveCfg = Debug|Any CPU
		{E7F4C212-74AF-4A0A-A2D9-8177B8A3F942}.Debug|Any CPU.Build.0 = Debug|Any CPU
		{E7F4C212-74AF-4A0A-A2D9-8177B8A3F942}.Release|Any CPU.ActiveCfg = Release|Any CPU
		{E7F4C212-74AF-4A0A-A2D9-8177B8A3F942}.Release|Any CPU.Build.0 = Release|Any CPU
		{1ADC3087-58D5-44B0-8CDE-E530B32FFDF1}.Debug|Any CPU.ActiveCfg = Debug|Any CPU
		{1ADC3087-58D5-44B0-8CDE-E530B32FFDF1}.Debug|Any CPU.Build.0 = Debug|Any CPU
		{1ADC3087-58D5-44B0-8CDE-E530B32FFDF1}.Release|Any CPU.ActiveCfg = Release|Any CPU
		{1ADC3087-58D5-44B0-8CDE-E530B32FFDF1}.Release|Any CPU.Build.0 = Release|Any CPU
	EndGlobalSection
	GlobalSection(SolutionProperties) = preSolution
		HideSolutionNode = FALSE
	EndGlobalSection
	GlobalSection(NestedProjects) = preSolution
		{BF7D41B0-5A3E-44D7-B11C-CF9340BCE597} = {A8A3FB3F-6C17-4766-B700-3B2747A95087}
		{F9497EFA-1D60-4483-998F-15DD9971C9BC} = {A8A3FB3F-6C17-4766-B700-3B2747A95087}
		{A850345C-2791-4BFB-8B4D-1A67DA97A367} = {A8A3FB3F-6C17-4766-B700-3B2747A95087}
		{9F347A56-5052-4DCB-8EFC-F3424F065B74} = {A8A3FB3F-6C17-4766-B700-3B2747A95087}
		{B1328D22-E16C-4CA8-8143-691D02ACC652} = {B01D47A7-4B27-4BCF-9B0A-EB36E49F4F0E}
		{263786E8-BC39-49E7-820C-AFE35FA2C960} = {B01D47A7-4B27-4BCF-9B0A-EB36E49F4F0E}
		{E7F4C212-74AF-4A0A-A2D9-8177B8A3F942} = {B01D47A7-4B27-4BCF-9B0A-EB36E49F4F0E}
		{1ADC3087-58D5-44B0-8CDE-E530B32FFDF1} = {B01D47A7-4B27-4BCF-9B0A-EB36E49F4F0E}
	EndGlobalSection
	GlobalSection(ExtensibilityGlobals) = postSolution
		SolutionGuid = {3D2498D7-8627-489C-B1CA-C16E3E51F62C}
	EndGlobalSection
EndGlobal
