
Microsoft Visual Studio Solution File, Format Version 12.00
# Visual Studio Version 17
VisualStudioVersion = 17.1.32319.34
MinimumVisualStudioVersion = 10.0.40219.1
Project("{FAE04EC0-301F-11D3-BF4B-00C04F79EFBC}") = "Football.Api", "Football.Api\Football.Api.csproj", "{E9EBD86F-37B4-489C-B04F-B03EB28C5AFD}"
EndProject
Project("{2150E333-8FDC-42A3-9474-1A3956D46DE8}") = "src", "src", "{65A6F950-7493-4541-9A85-BCFB1AE3A226}"
EndProject
Project("{2150E333-8FDC-42A3-9474-1A3956D46DE8}") = "test", "test", "{C4E840DC-84F6-4860-81F5-A35F9DD615B8}"
EndProject
Project("{FAE04EC0-301F-11D3-BF4B-00C04F79EFBC}") = "Football.Core", "Football.Core\Football.Core.csproj", "{8049D3CB-78C4-4097-8324-A074F12CD857}"
EndProject
Project("{FAE04EC0-301F-11D3-BF4B-00C04F79EFBC}") = "Football.Infrastructure", "Football.Infrastructure\Football.Infrastructure.csproj", "{573ED70A-D93D-4303-A0DF-E7EF3EED0D9C}"
EndProject
Global
	GlobalSection(SolutionConfigurationPlatforms) = preSolution
		Debug|Any CPU = Debug|Any CPU
		Release|Any CPU = Release|Any CPU
	EndGlobalSection
	GlobalSection(ProjectConfigurationPlatforms) = postSolution
		{E9EBD86F-37B4-489C-B04F-B03EB28C5AFD}.Debug|Any CPU.ActiveCfg = Debug|Any CPU
		{E9EBD86F-37B4-489C-B04F-B03EB28C5AFD}.Debug|Any CPU.Build.0 = Debug|Any CPU
		{E9EBD86F-37B4-489C-B04F-B03EB28C5AFD}.Release|Any CPU.ActiveCfg = Release|Any CPU
		{E9EBD86F-37B4-489C-B04F-B03EB28C5AFD}.Release|Any CPU.Build.0 = Release|Any CPU
		{8049D3CB-78C4-4097-8324-A074F12CD857}.Debug|Any CPU.ActiveCfg = Debug|Any CPU
		{8049D3CB-78C4-4097-8324-A074F12CD857}.Debug|Any CPU.Build.0 = Debug|Any CPU
		{8049D3CB-78C4-4097-8324-A074F12CD857}.Release|Any CPU.ActiveCfg = Release|Any CPU
		{8049D3CB-78C4-4097-8324-A074F12CD857}.Release|Any CPU.Build.0 = Release|Any CPU
		{573ED70A-D93D-4303-A0DF-E7EF3EED0D9C}.Debug|Any CPU.ActiveCfg = Debug|Any CPU
		{573ED70A-D93D-4303-A0DF-E7EF3EED0D9C}.Debug|Any CPU.Build.0 = Debug|Any CPU
		{573ED70A-D93D-4303-A0DF-E7EF3EED0D9C}.Release|Any CPU.ActiveCfg = Release|Any CPU
		{573ED70A-D93D-4303-A0DF-E7EF3EED0D9C}.Release|Any CPU.Build.0 = Release|Any CPU
	EndGlobalSection
	GlobalSection(SolutionProperties) = preSolution
		HideSolutionNode = FALSE
	EndGlobalSection
	GlobalSection(NestedProjects) = preSolution
		{E9EBD86F-37B4-489C-B04F-B03EB28C5AFD} = {65A6F950-7493-4541-9A85-BCFB1AE3A226}
		{8049D3CB-78C4-4097-8324-A074F12CD857} = {65A6F950-7493-4541-9A85-BCFB1AE3A226}
		{573ED70A-D93D-4303-A0DF-E7EF3EED0D9C} = {65A6F950-7493-4541-9A85-BCFB1AE3A226}
	EndGlobalSection
	GlobalSection(ExtensibilityGlobals) = postSolution
		SolutionGuid = {8BA868D7-119E-4F82-92A5-902523126AF6}
	EndGlobalSection
EndGlobal
